Microsoft Visual Studio Solution File, Format Version 11.00
# Visual Studio 2008

Project("{8DBDDA48-FB87-48D6-746F-1965824E966A}") = "simple", "Assembly-CSharp-firstpass-vs.csproj", "{6FF80FCF-B0CD-2BD1-2CC8-3E463A1B5287}"
EndProject
Project("{8DBDDA48-FB87-48D6-746F-1965824E966A}") = "simple", "Assembly-CSharp-vs.csproj", "{ABF13BA8-73B4-13E5-3E1C-A85FE2E158BF}"
EndProject
Project("{8DBDDA48-FB87-48D6-746F-1965824E966A}") = "simple", "Assembly-CSharp-Editor-vs.csproj", "{05BE8231-0211-40EB-6021-F55BCE49A3DF}"
EndProject
Global
	GlobalSection(SolutionConfigurationPlatforms) = preSolution
		Debug|Any CPU = Debug|Any CPU
		Release|Any CPU = Release|Any CPU
	EndGlobalSection
	GlobalSection(ProjectConfigurationPlatforms) = postSolution
		{6FF80FCF-B0CD-2BD1-2CC8-3E463A1B5287}.Debug|Any CPU.ActiveCfg = Debug|Any CPU
		{6FF80FCF-B0CD-2BD1-2CC8-3E463A1B5287}.Debug|Any CPU.Build.0 = Debug|Any CPU
		{6FF80FCF-B0CD-2BD1-2CC8-3E463A1B5287}.Release|Any CPU.ActiveCfg = Release|Any CPU
		{6FF80FCF-B0CD-2BD1-2CC8-3E463A1B5287}.Release|Any CPU.Build.0 = Release|Any CPU
		{ABF13BA8-73B4-13E5-3E1C-A85FE2E158BF}.Debug|Any CPU.ActiveCfg = Debug|Any CPU
		{ABF13BA8-73B4-13E5-3E1C-A85FE2E158BF}.Debug|Any CPU.Build.0 = Debug|Any CPU
		{ABF13BA8-73B4-13E5-3E1C-A85FE2E158BF}.Release|Any CPU.ActiveCfg = Release|Any CPU
		{ABF13BA8-73B4-13E5-3E1C-A85FE2E158BF}.Release|Any CPU.Build.0 = Release|Any CPU
		{05BE8231-0211-40EB-6021-F55BCE49A3DF}.Debug|Any CPU.ActiveCfg = Debug|Any CPU
		{05BE8231-0211-40EB-6021-F55BCE49A3DF}.Debug|Any CPU.Build.0 = Debug|Any CPU
		{05BE8231-0211-40EB-6021-F55BCE49A3DF}.Release|Any CPU.ActiveCfg = Release|Any CPU
		{05BE8231-0211-40EB-6021-F55BCE49A3DF}.Release|Any CPU.Build.0 = Release|Any CPU
	EndGlobalSection
	GlobalSection(SolutionProperties) = preSolution
		HideSolutionNode = FALSE
	EndGlobalSection
																																																																																																GlobalSection(MonoDevelopProperties) = preSolution
		StartupItem = Assembly-CSharp.csproj
		Policies = $0
		$0.TextStylePolicy = $1
		$1.inheritsSet = null
		$1.scope = text/x-csharp
		$0.CSharpFormattingPolicy = $2
		$2.inheritsSet = Mono
		$2.inheritsScope = text/x-csharp
		$2.scope = text/x-csharp
		$0.TextStylePolicy = $3
		$3.FileWidth = 120
		$3.TabWidth = 4
		$3.EolMarker = Unix
		$3.inheritsSet = Mono
		$3.inheritsScope = text/plain
		$3.scope = text/plain
	EndGlobalSection

EndGlobal
